
Microsoft Visual Studio Solution File, Format Version 12.00
# Visual Studio 15
VisualStudioVersion = 15.0.27703.2026
MinimumVisualStudioVersion = 10.0.40219.1
Project("{8BC9CEB8-8B4A-11D0-8D11-00A0C91BC942}") = "DayOfWeek", "DayOfWeek\DayOfWeek.vcxproj", "{850E3277-16F9-4AA6-A7EE-1FF2E72C2D90}"
EndProject
Project("{8BC9CEB8-8B4A-11D0-8D11-00A0C91BC942}") = "FuckBrainWithC", "FuckBrainWithC\FuckBrainWithC.vcxproj", "{66F644FB-0636-40DB-A338-A766D6E4E68C}"
EndProject
Global
	GlobalSection(SolutionConfigurationPlatforms) = preSolution
		Debug|x64 = Debug|x64
		Debug|x86 = Debug|x86
		Release|x64 = Release|x64
		Release|x86 = Release|x86
	EndGlobalSection
	GlobalSection(ProjectConfigurationPlatforms) = postSolution
		{850E3277-16F9-4AA6-A7EE-1FF2E72C2D90}.Debug|x64.ActiveCfg = Debug|x64
		{850E3277-16F9-4AA6-A7EE-1FF2E72C2D90}.Debug|x64.Build.0 = Debug|x64
		{850E3277-16F9-4AA6-A7EE-1FF2E72C2D90}.Debug|x86.ActiveCfg = Debug|Win32
		{850E3277-16F9-4AA6-A7EE-1FF2E72C2D90}.Debug|x86.Build.0 = Debug|Win32
		{850E3277-16F9-4AA6-A7EE-1FF2E72C2D90}.Release|x64.ActiveCfg = Release|x64
		{850E3277-16F9-4AA6-A7EE-1FF2E72C2D90}.Release|x64.Build.0 = Release|x64
		{850E3277-16F9-4AA6-A7EE-1FF2E72C2D90}.Release|x86.ActiveCfg = Release|Win32
		{850E3277-16F9-4AA6-A7EE-1FF2E72C2D90}.Release|x86.Build.0 = Release|Win32
		{66F644FB-0636-40DB-A338-A766D6E4E68C}.Debug|x64.ActiveCfg = Debug|x64
		{66F644FB-0636-40DB-A338-A766D6E4E68C}.Debug|x64.Build.0 = Debug|x64
		{66F644FB-0636-40DB-A338-A766D6E4E68C}.Debug|x86.ActiveCfg = Debug|Win32
		{66F644FB-0636-40DB-A338-A766D6E4E68C}.Debug|x86.Build.0 = Debug|Win32
		{66F644FB-0636-40DB-A338-A766D6E4E68C}.Release|x64.ActiveCfg = Release|x64
		{66F644FB-0636-40DB-A338-A766D6E4E68C}.Release|x64.Build.0 = Release|x64
		{66F644FB-0636-40DB-A338-A766D6E4E68C}.Release|x86.ActiveCfg = Release|Win32
		{66F644FB-0636-40DB-A338-A766D6E4E68C}.Release|x86.Build.0 = Release|Win32
	EndGlobalSection
	GlobalSection(SolutionProperties) = preSolution
		HideSolutionNode = FALSE
	EndGlobalSection
	GlobalSection(ExtensibilityGlobals) = postSolution
		SolutionGuid = {891F06EF-C89D-4A55-9924-6047E2591F2D}
	EndGlobalSection
EndGlobal
